
Microsoft Visual Studio Solution File, Format Version 12.00
# Visual Studio Version 17
VisualStudioVersion = 17.7.34031.279
MinimumVisualStudioVersion = 10.0.40219.1
Project("{FAE04EC0-301F-11D3-BF4B-00C04F79EFBC}") = "Lab10", "Lab10\Lab10.csproj", "{535273AB-58AE-4A9D-8482-296DDAB40837}"
EndProject
Global
	GlobalSection(SolutionConfigurationPlatforms) = preSolution
		Debug|Any CPU = Debug|Any CPU
		Release|Any CPU = Release|Any CPU
	EndGlobalSection
	GlobalSection(ProjectConfigurationPlatforms) = postSolution
		{535273AB-58AE-4A9D-8482-296DDAB40837}.Debug|Any CPU.ActiveCfg = Debug|Any CPU
		{535273AB-58AE-4A9D-8482-296DDAB40837}.Debug|Any CPU.Build.0 = Debug|Any CPU
		{535273AB-58AE-4A9D-8482-296DDAB40837}.Release|Any CPU.ActiveCfg = Release|Any CPU
		{535273AB-58AE-4A9D-8482-296DDAB40837}.Release|Any CPU.Build.0 = Release|Any CPU
	EndGlobalSection
	GlobalSection(SolutionProperties) = preSolution
		HideSolutionNode = FALSE
	EndGlobalSection
	GlobalSection(ExtensibilityGlobals) = postSolution
		SolutionGuid = {C914EFED-E6E0-4116-9EFC-1B7171D28117}
	EndGlobalSection
EndGlobal
